
Microsoft Visual Studio Solution File, Format Version 12.00
# Visual Studio Version 16
VisualStudioVersion = 16.0.31613.86
MinimumVisualStudioVersion = 10.0.40219.1
Project("{FAE04EC0-301F-11D3-BF4B-00C04F79EFBC}") = "dbdll", "dbdll.csproj", "{23056433-011D-4588-B4AF-1A1CDA809EDB}"
EndProject
Global
	GlobalSection(SolutionConfigurationPlatforms) = preSolution
		Debug|Any CPU = Debug|Any CPU
		Release|Any CPU = Release|Any CPU
	EndGlobalSection
	GlobalSection(ProjectConfigurationPlatforms) = postSolution
		{23056433-011D-4588-B4AF-1A1CDA809EDB}.Debug|Any CPU.ActiveCfg = Debug|Any CPU
		{23056433-011D-4588-B4AF-1A1CDA809EDB}.Debug|Any CPU.Build.0 = Debug|Any CPU
		{23056433-011D-4588-B4AF-1A1CDA809EDB}.Release|Any CPU.ActiveCfg = Release|Any CPU
		{23056433-011D-4588-B4AF-1A1CDA809EDB}.Release|Any CPU.Build.0 = Release|Any CPU
	EndGlobalSection
	GlobalSection(SolutionProperties) = preSolution
		HideSolutionNode = FALSE
	EndGlobalSection
	GlobalSection(ExtensibilityGlobals) = postSolution
		SolutionGuid = {F1806AA5-C003-4A81-917F-474B2BE51025}
	EndGlobalSection
EndGlobal
